{
  "name": "@mcptoolshop/prompt-crafter",
  "version": "1.0.1",
  "lockfileVersion": 3,
  "requires": true,
  "packages": {
    "": {
      "name": "@mcptoolshop/prompt-crafter",
      "version": "1.0.1",
      "license": "MIT",
      "bin": {
        "pcraft": "bin/pcraft.mjs"
      },
      "engines": {
        "node": ">=18"
      }
    }
  }
}
